
Microsoft Visual Studio Solution File, Format Version 12.00
# Visual Studio Version 17
VisualStudioVersion = 17.8.34330.188
MinimumVisualStudioVersion = 10.0.40219.1
Project("{9A19103F-16F7-4668-BE54-9A1E7A4F7556}") = "DefaultRotations", "BasicRotations\DefaultRotations.csproj", "{CDEC20B2-8F70-44EF-A19E-418A2D98519D}"
EndProject
Project("{2150E333-8FDC-42A3-9474-1A3956D46DE8}") = "Solution Items", "Solution Items", "{1E218F01-7724-4A31-8627-ABF52FABC23F}"
	ProjectSection(SolutionItems) = preProject
		.gitignore = .gitignore
		Info.txt = Info.txt
		README.md = README.md
	EndProjectSection
EndProject
Project("{9A19103F-16F7-4668-BE54-9A1E7A4F7556}") = "RotationSolver.Basic", "..\RotationSolver\RotationSolver.Basic\RotationSolver.Basic.csproj", "{718F6EF5-D39D-4B91-976D-7A6DFD021076}"
EndProject
Global
	GlobalSection(SolutionConfigurationPlatforms) = preSolution
		Debug|Any CPU = Debug|Any CPU
		Debug|x64 = Debug|x64
		Release|Any CPU = Release|Any CPU
		Release|x64 = Release|x64
	EndGlobalSection
	GlobalSection(ProjectConfigurationPlatforms) = postSolution
		{CDEC20B2-8F70-44EF-A19E-418A2D98519D}.Debug|Any CPU.ActiveCfg = Debug|x64
		{CDEC20B2-8F70-44EF-A19E-418A2D98519D}.Debug|Any CPU.Build.0 = Debug|x64
		{CDEC20B2-8F70-44EF-A19E-418A2D98519D}.Debug|x64.ActiveCfg = Debug|x64
		{CDEC20B2-8F70-44EF-A19E-418A2D98519D}.Debug|x64.Build.0 = Debug|x64
		{CDEC20B2-8F70-44EF-A19E-418A2D98519D}.Release|Any CPU.ActiveCfg = Release|x64
		{CDEC20B2-8F70-44EF-A19E-418A2D98519D}.Release|Any CPU.Build.0 = Release|x64
		{CDEC20B2-8F70-44EF-A19E-418A2D98519D}.Release|x64.ActiveCfg = Release|x64
		{CDEC20B2-8F70-44EF-A19E-418A2D98519D}.Release|x64.Build.0 = Release|x64
		{718F6EF5-D39D-4B91-976D-7A6DFD021076}.Debug|Any CPU.ActiveCfg = Debug|Any CPU
		{718F6EF5-D39D-4B91-976D-7A6DFD021076}.Debug|Any CPU.Build.0 = Debug|Any CPU
		{718F6EF5-D39D-4B91-976D-7A6DFD021076}.Debug|x64.ActiveCfg = Debug|Any CPU
		{718F6EF5-D39D-4B91-976D-7A6DFD021076}.Debug|x64.Build.0 = Debug|Any CPU
		{718F6EF5-D39D-4B91-976D-7A6DFD021076}.Release|Any CPU.ActiveCfg = Release|Any CPU
		{718F6EF5-D39D-4B91-976D-7A6DFD021076}.Release|Any CPU.Build.0 = Release|Any CPU
		{718F6EF5-D39D-4B91-976D-7A6DFD021076}.Release|x64.ActiveCfg = Release|Any CPU
		{718F6EF5-D39D-4B91-976D-7A6DFD021076}.Release|x64.Build.0 = Release|Any CPU
	EndGlobalSection
	GlobalSection(SolutionProperties) = preSolution
		HideSolutionNode = FALSE
	EndGlobalSection
	GlobalSection(ExtensibilityGlobals) = postSolution
		SolutionGuid = {D819B49B-005C-4BCE-B0AA-BFF89E81F151}
	EndGlobalSection
EndGlobal
